
Microsoft Visual Studio Solution File, Format Version 12.00
# Visual Studio Version 17
VisualStudioVersion = 17.0.31903.59
MinimumVisualStudioVersion = 10.0.40219.1
Project("{2150E333-8FDC-42A3-9474-1A3956D46DE8}") = "src", "src", "{827E0CD3-B72D-47B6-A68D-7590B98EB39B}"
EndProject
Project("{FAE04EC0-301F-11D3-BF4B-00C04F79EFBC}") = "DevHub.Presentation", "src\DevHub.Presentation\DevHub.Presentation.csproj", "{AD393145-3BF7-4934-B093-41AB3DA78974}"
EndProject
Project("{FAE04EC0-301F-11D3-BF4B-00C04F79EFBC}") = "DevHub.Domain", "src\DevHub.Domain\DevHub.Domain.csproj", "{A313D453-EBF6-414F-8D56-1B99B71425EB}"
EndProject
Project("{FAE04EC0-301F-11D3-BF4B-00C04F79EFBC}") = "DevHub.Application", "src\DevHub.Application\DevHub.Application.csproj", "{E03955FC-1737-47B5-8D36-919E29A1A21B}"
EndProject
Project("{FAE04EC0-301F-11D3-BF4B-00C04F79EFBC}") = "DevHub.Infrastructure", "src\DevHub.Infrastructure\DevHub.Infrastructure.csproj", "{357AFB12-E0AA-4016-BCC7-582879D836BA}"
EndProject
Project("{2150E333-8FDC-42A3-9474-1A3956D46DE8}") = "tests", "tests", "{0AB3BF05-4346-4AA6-1389-037BE0695223}"
EndProject
Project("{FAE04EC0-301F-11D3-BF4B-00C04F79EFBC}") = "DevHub.Application.Tests", "tests\DevHub.Application.Tests\DevHub.Application.Tests.csproj", "{62CA81EF-B83D-4C73-B78A-24741324EA3C}"
EndProject
Project("{FAE04EC0-301F-11D3-BF4B-00C04F79EFBC}") = "DevHub.Presentation.Tests", "tests\DevHub.Presentation.Tests\DevHub.Presentation.Tests.csproj", "{BA1D0CB3-4CEB-4F70-8267-8E73543C5E72}"
EndProject
Project("{FAE04EC0-301F-11D3-BF4B-00C04F79EFBC}") = "DevHub.Domain.Tests", "tests\DevHub.Domain.Tests\DevHub.Domain.Tests.csproj", "{5010151E-1A9B-4A7C-A8FA-2C682CE3CC63}"
EndProject
Project("{FAE04EC0-301F-11D3-BF4B-00C04F79EFBC}") = "DevHub.Integration.Tests", "tests\DevHub.Integration.Tests\DevHub.Integration.Tests.csproj", "{27980089-48D1-44F6-8083-89886BB8DAB1}"
EndProject
Global
	GlobalSection(SolutionConfigurationPlatforms) = preSolution
		Debug|Any CPU = Debug|Any CPU
		Debug|x64 = Debug|x64
		Debug|x86 = Debug|x86
		Release|Any CPU = Release|Any CPU
		Release|x64 = Release|x64
		Release|x86 = Release|x86
	EndGlobalSection
	GlobalSection(ProjectConfigurationPlatforms) = postSolution
		{AD393145-3BF7-4934-B093-41AB3DA78974}.Debug|Any CPU.ActiveCfg = Debug|Any CPU
		{AD393145-3BF7-4934-B093-41AB3DA78974}.Debug|Any CPU.Build.0 = Debug|Any CPU
		{AD393145-3BF7-4934-B093-41AB3DA78974}.Debug|x64.ActiveCfg = Debug|Any CPU
		{AD393145-3BF7-4934-B093-41AB3DA78974}.Debug|x64.Build.0 = Debug|Any CPU
		{AD393145-3BF7-4934-B093-41AB3DA78974}.Debug|x86.ActiveCfg = Debug|Any CPU
		{AD393145-3BF7-4934-B093-41AB3DA78974}.Debug|x86.Build.0 = Debug|Any CPU
		{AD393145-3BF7-4934-B093-41AB3DA78974}.Release|Any CPU.ActiveCfg = Release|Any CPU
		{AD393145-3BF7-4934-B093-41AB3DA78974}.Release|Any CPU.Build.0 = Release|Any CPU
		{AD393145-3BF7-4934-B093-41AB3DA78974}.Release|x64.ActiveCfg = Release|Any CPU
		{AD393145-3BF7-4934-B093-41AB3DA78974}.Release|x64.Build.0 = Release|Any CPU
		{AD393145-3BF7-4934-B093-41AB3DA78974}.Release|x86.ActiveCfg = Release|Any CPU
		{AD393145-3BF7-4934-B093-41AB3DA78974}.Release|x86.Build.0 = Release|Any CPU
		{A313D453-EBF6-414F-8D56-1B99B71425EB}.Debug|Any CPU.ActiveCfg = Debug|Any CPU
		{A313D453-EBF6-414F-8D56-1B99B71425EB}.Debug|Any CPU.Build.0 = Debug|Any CPU
		{A313D453-EBF6-414F-8D56-1B99B71425EB}.Debug|x64.ActiveCfg = Debug|Any CPU
		{A313D453-EBF6-414F-8D56-1B99B71425EB}.Debug|x64.Build.0 = Debug|Any CPU
		{A313D453-EBF6-414F-8D56-1B99B71425EB}.Debug|x86.ActiveCfg = Debug|Any CPU
		{A313D453-EBF6-414F-8D56-1B99B71425EB}.Debug|x86.Build.0 = Debug|Any CPU
		{A313D453-EBF6-414F-8D56-1B99B71425EB}.Release|Any CPU.ActiveCfg = Release|Any CPU
		{A313D453-EBF6-414F-8D56-1B99B71425EB}.Release|Any CPU.Build.0 = Release|Any CPU
		{A313D453-EBF6-414F-8D56-1B99B71425EB}.Release|x64.ActiveCfg = Release|Any CPU
		{A313D453-EBF6-414F-8D56-1B99B71425EB}.Release|x64.Build.0 = Release|Any CPU
		{A313D453-EBF6-414F-8D56-1B99B71425EB}.Release|x86.ActiveCfg = Release|Any CPU
		{A313D453-EBF6-414F-8D56-1B99B71425EB}.Release|x86.Build.0 = Release|Any CPU
		{E03955FC-1737-47B5-8D36-919E29A1A21B}.Debug|Any CPU.ActiveCfg = Debug|Any CPU
		{E03955FC-1737-47B5-8D36-919E29A1A21B}.Debug|Any CPU.Build.0 = Debug|Any CPU
		{E03955FC-1737-47B5-8D36-919E29A1A21B}.Debug|x64.ActiveCfg = Debug|Any CPU
		{E03955FC-1737-47B5-8D36-919E29A1A21B}.Debug|x64.Build.0 = Debug|Any CPU
		{E03955FC-1737-47B5-8D36-919E29A1A21B}.Debug|x86.ActiveCfg = Debug|Any CPU
		{E03955FC-1737-47B5-8D36-919E29A1A21B}.Debug|x86.Build.0 = Debug|Any CPU
		{E03955FC-1737-47B5-8D36-919E29A1A21B}.Release|Any CPU.ActiveCfg = Release|Any CPU
		{E03955FC-1737-47B5-8D36-919E29A1A21B}.Release|Any CPU.Build.0 = Release|Any CPU
		{E03955FC-1737-47B5-8D36-919E29A1A21B}.Release|x64.ActiveCfg = Release|Any CPU
		{E03955FC-1737-47B5-8D36-919E29A1A21B}.Release|x64.Build.0 = Release|Any CPU
		{E03955FC-1737-47B5-8D36-919E29A1A21B}.Release|x86.ActiveCfg = Release|Any CPU
		{E03955FC-1737-47B5-8D36-919E29A1A21B}.Release|x86.Build.0 = Release|Any CPU
		{357AFB12-E0AA-4016-BCC7-582879D836BA}.Debug|Any CPU.ActiveCfg = Debug|Any CPU
		{357AFB12-E0AA-4016-BCC7-582879D836BA}.Debug|Any CPU.Build.0 = Debug|Any CPU
		{357AFB12-E0AA-4016-BCC7-582879D836BA}.Debug|x64.ActiveCfg = Debug|Any CPU
		{357AFB12-E0AA-4016-BCC7-582879D836BA}.Debug|x64.Build.0 = Debug|Any CPU
		{357AFB12-E0AA-4016-BCC7-582879D836BA}.Debug|x86.ActiveCfg = Debug|Any CPU
		{357AFB12-E0AA-4016-BCC7-582879D836BA}.Debug|x86.Build.0 = Debug|Any CPU
		{357AFB12-E0AA-4016-BCC7-582879D836BA}.Release|Any CPU.ActiveCfg = Release|Any CPU
		{357AFB12-E0AA-4016-BCC7-582879D836BA}.Release|Any CPU.Build.0 = Release|Any CPU
		{357AFB12-E0AA-4016-BCC7-582879D836BA}.Release|x64.ActiveCfg = Release|Any CPU
		{357AFB12-E0AA-4016-BCC7-582879D836BA}.Release|x64.Build.0 = Release|Any CPU
		{357AFB12-E0AA-4016-BCC7-582879D836BA}.Release|x86.ActiveCfg = Release|Any CPU
		{357AFB12-E0AA-4016-BCC7-582879D836BA}.Release|x86.Build.0 = Release|Any CPU
		{62CA81EF-B83D-4C73-B78A-24741324EA3C}.Debug|Any CPU.ActiveCfg = Debug|Any CPU
		{62CA81EF-B83D-4C73-B78A-24741324EA3C}.Debug|Any CPU.Build.0 = Debug|Any CPU
		{62CA81EF-B83D-4C73-B78A-24741324EA3C}.Debug|x64.ActiveCfg = Debug|Any CPU
		{62CA81EF-B83D-4C73-B78A-24741324EA3C}.Debug|x64.Build.0 = Debug|Any CPU
		{62CA81EF-B83D-4C73-B78A-24741324EA3C}.Debug|x86.ActiveCfg = Debug|Any CPU
		{62CA81EF-B83D-4C73-B78A-24741324EA3C}.Debug|x86.Build.0 = Debug|Any CPU
		{62CA81EF-B83D-4C73-B78A-24741324EA3C}.Release|Any CPU.ActiveCfg = Release|Any CPU
		{62CA81EF-B83D-4C73-B78A-24741324EA3C}.Release|Any CPU.Build.0 = Release|Any CPU
		{62CA81EF-B83D-4C73-B78A-24741324EA3C}.Release|x64.ActiveCfg = Release|Any CPU
		{62CA81EF-B83D-4C73-B78A-24741324EA3C}.Release|x64.Build.0 = Release|Any CPU
		{62CA81EF-B83D-4C73-B78A-24741324EA3C}.Release|x86.ActiveCfg = Release|Any CPU
		{62CA81EF-B83D-4C73-B78A-24741324EA3C}.Release|x86.Build.0 = Release|Any CPU
		{BA1D0CB3-4CEB-4F70-8267-8E73543C5E72}.Debug|Any CPU.ActiveCfg = Debug|Any CPU
		{BA1D0CB3-4CEB-4F70-8267-8E73543C5E72}.Debug|Any CPU.Build.0 = Debug|Any CPU
		{BA1D0CB3-4CEB-4F70-8267-8E73543C5E72}.Debug|x64.ActiveCfg = Debug|Any CPU
		{BA1D0CB3-4CEB-4F70-8267-8E73543C5E72}.Debug|x64.Build.0 = Debug|Any CPU
		{BA1D0CB3-4CEB-4F70-8267-8E73543C5E72}.Debug|x86.ActiveCfg = Debug|Any CPU
		{BA1D0CB3-4CEB-4F70-8267-8E73543C5E72}.Debug|x86.Build.0 = Debug|Any CPU
		{BA1D0CB3-4CEB-4F70-8267-8E73543C5E72}.Release|Any CPU.ActiveCfg = Release|Any CPU
		{BA1D0CB3-4CEB-4F70-8267-8E73543C5E72}.Release|Any CPU.Build.0 = Release|Any CPU
		{BA1D0CB3-4CEB-4F70-8267-8E73543C5E72}.Release|x64.ActiveCfg = Release|Any CPU
		{BA1D0CB3-4CEB-4F70-8267-8E73543C5E72}.Release|x64.Build.0 = Release|Any CPU
		{BA1D0CB3-4CEB-4F70-8267-8E73543C5E72}.Release|x86.ActiveCfg = Release|Any CPU
		{BA1D0CB3-4CEB-4F70-8267-8E73543C5E72}.Release|x86.Build.0 = Release|Any CPU
		{5010151E-1A9B-4A7C-A8FA-2C682CE3CC63}.Debug|Any CPU.ActiveCfg = Debug|Any CPU
		{5010151E-1A9B-4A7C-A8FA-2C682CE3CC63}.Debug|Any CPU.Build.0 = Debug|Any CPU
		{5010151E-1A9B-4A7C-A8FA-2C682CE3CC63}.Debug|x64.ActiveCfg = Debug|Any CPU
		{5010151E-1A9B-4A7C-A8FA-2C682CE3CC63}.Debug|x64.Build.0 = Debug|Any CPU
		{5010151E-1A9B-4A7C-A8FA-2C682CE3CC63}.Debug|x86.ActiveCfg = Debug|Any CPU
		{5010151E-1A9B-4A7C-A8FA-2C682CE3CC63}.Debug|x86.Build.0 = Debug|Any CPU
		{5010151E-1A9B-4A7C-A8FA-2C682CE3CC63}.Release|Any CPU.ActiveCfg = Release|Any CPU
		{5010151E-1A9B-4A7C-A8FA-2C682CE3CC63}.Release|Any CPU.Build.0 = Release|Any CPU
		{5010151E-1A9B-4A7C-A8FA-2C682CE3CC63}.Release|x64.ActiveCfg = Release|Any CPU
		{5010151E-1A9B-4A7C-A8FA-2C682CE3CC63}.Release|x64.Build.0 = Release|Any CPU
		{5010151E-1A9B-4A7C-A8FA-2C682CE3CC63}.Release|x86.ActiveCfg = Release|Any CPU
		{5010151E-1A9B-4A7C-A8FA-2C682CE3CC63}.Release|x86.Build.0 = Release|Any CPU
		{27980089-48D1-44F6-8083-89886BB8DAB1}.Debug|Any CPU.ActiveCfg = Debug|Any CPU
		{27980089-48D1-44F6-8083-89886BB8DAB1}.Debug|Any CPU.Build.0 = Debug|Any CPU
		{27980089-48D1-44F6-8083-89886BB8DAB1}.Debug|x64.ActiveCfg = Debug|Any CPU
		{27980089-48D1-44F6-8083-89886BB8DAB1}.Debug|x64.Build.0 = Debug|Any CPU
		{27980089-48D1-44F6-8083-89886BB8DAB1}.Debug|x86.ActiveCfg = Debug|Any CPU
		{27980089-48D1-44F6-8083-89886BB8DAB1}.Debug|x86.Build.0 = Debug|Any CPU
		{27980089-48D1-44F6-8083-89886BB8DAB1}.Release|Any CPU.ActiveCfg = Release|Any CPU
		{27980089-48D1-44F6-8083-89886BB8DAB1}.Release|Any CPU.Build.0 = Release|Any CPU
		{27980089-48D1-44F6-8083-89886BB8DAB1}.Release|x64.ActiveCfg = Release|Any CPU
		{27980089-48D1-44F6-8083-89886BB8DAB1}.Release|x64.Build.0 = Release|Any CPU
		{27980089-48D1-44F6-8083-89886BB8DAB1}.Release|x86.ActiveCfg = Release|Any CPU
		{27980089-48D1-44F6-8083-89886BB8DAB1}.Release|x86.Build.0 = Release|Any CPU
	EndGlobalSection
	GlobalSection(SolutionProperties) = preSolution
		HideSolutionNode = FALSE
	EndGlobalSection
	GlobalSection(NestedProjects) = preSolution
		{AD393145-3BF7-4934-B093-41AB3DA78974} = {827E0CD3-B72D-47B6-A68D-7590B98EB39B}
		{A313D453-EBF6-414F-8D56-1B99B71425EB} = {827E0CD3-B72D-47B6-A68D-7590B98EB39B}
		{E03955FC-1737-47B5-8D36-919E29A1A21B} = {827E0CD3-B72D-47B6-A68D-7590B98EB39B}
		{357AFB12-E0AA-4016-BCC7-582879D836BA} = {827E0CD3-B72D-47B6-A68D-7590B98EB39B}
		{62CA81EF-B83D-4C73-B78A-24741324EA3C} = {0AB3BF05-4346-4AA6-1389-037BE0695223}
		{BA1D0CB3-4CEB-4F70-8267-8E73543C5E72} = {0AB3BF05-4346-4AA6-1389-037BE0695223}
		{5010151E-1A9B-4A7C-A8FA-2C682CE3CC63} = {0AB3BF05-4346-4AA6-1389-037BE0695223}
		{27980089-48D1-44F6-8083-89886BB8DAB1} = {0AB3BF05-4346-4AA6-1389-037BE0695223}
	EndGlobalSection
EndGlobal
